// !$*UTF8*$!
{
	archiveVersion = 1;
	classes = {
	};
	objectVersion = 46;
	objects = {

/* Begin PBXBuildFile section */
		59D573DE1A6E3BFC001D5504 /* Foundation.framework in Frameworks */ = {isa = PBXBuildFile; fileRef = 59D573DD1A6E3BFC001D5504 /* Foundation.framework */; };
		59D573E01A6E3BFC001D5504 /* CoreGraphics.framework in Frameworks */ = {isa = PBXBuildFile; fileRef = 59D573DF1A6E3BFC001D5504 /* CoreGraphics.framework */; };
		59D573E21A6E3BFC001D5504 /* UIKit.framework in Frameworks */ = {isa = PBXBuildFile; fileRef = 59D573E11A6E3BFC001D5504 /* UIKit.framework */; };
		59D573E81A6E3BFC001D5504 /* InfoPlist.strings in Resources */ = {isa = PBXBuildFile; fileRef = 59D573E61A6E3BFC001D5504 /* InfoPlist.strings */; };
		59D573EA1A6E3BFC001D5504 /* main.m in Sources */ = {isa = PBXBuildFile; fileRef = 59D573E91A6E3BFC001D5504 /* main.m */; };
		59D573EE1A6E3BFC001D5504 /* AppDelegate.m in Sources */ = {isa = PBXBuildFile; fileRef = 59D573ED1A6E3BFC001D5504 /* AppDelegate.m */; };
		59D573F01A6E3BFC001D5504 /* Images.xcassets in Resources */ = {isa = PBXBuildFile; fileRef = 59D573EF1A6E3BFC001D5504 /* Images.xcassets */; };
		59D573F71A6E3BFC001D5504 /* XCTest.framework in Frameworks */ = {isa = PBXBuildFile; fileRef = 59D573F61A6E3BFC001D5504 /* XCTest.framework */; };
		59D573F81A6E3BFC001D5504 /* Foundation.framework in Frameworks */ = {isa = PBXBuildFile; fileRef = 59D573DD1A6E3BFC001D5504 /* Foundation.framework */; };
		59D573F91A6E3BFC001D5504 /* UIKit.framework in Frameworks */ = {isa = PBXBuildFile; fileRef = 59D573E11A6E3BFC001D5504 /* UIKit.framework */; };
		59D574011A6E3BFC001D5504 /* InfoPlist.strings in Resources */ = {isa = PBXBuildFile; fileRef = 59D573FF1A6E3BFC001D5504 /* InfoPlist.strings */; };
		59D574031A6E3BFC001D5504 /* tipcalculatorTests.m in Sources */ = {isa = PBXBuildFile; fileRef = 59D574021A6E3BFC001D5504 /* tipcalculatorTests.m */; };
		59D5740F1A6E3DBB001D5504 /* TipViewController.m in Sources */ = {isa = PBXBuildFile; fileRef = 59D5740D1A6E3DBB001D5504 /* TipViewController.m */; };
		59D574101A6E3DBB001D5504 /* TipViewController.xib in Resources */ = {isa = PBXBuildFile; fileRef = 59D5740E1A6E3DBB001D5504 /* TipViewController.xib */; };
		59D574141A6E50A9001D5504 /* SettingsViewController.m in Sources */ = {isa = PBXBuildFile; fileRef = 59D574121A6E50A9001D5504 /* SettingsViewController.m */; };
		59D574151A6E50A9001D5504 /* SettingsViewController.xib in Resources */ = {isa = PBXBuildFile; fileRef = 59D574131A6E50A9001D5504 /* SettingsViewController.xib */; };
/* End PBXBuildFile section */

/* Begin PBXContainerItemProxy section */
		59D573FA1A6E3BFC001D5504 /* PBXContainerItemProxy */ = {
			isa = PBXContainerItemProxy;
			containerPortal = 59D573D21A6E3BFC001D5504 /* Project object */;
			proxyType = 1;
			remoteGlobalIDString = 59D573D91A6E3BFC001D5504;
			remoteInfo = tipcalculator;
		};
/* End PBXContainerItemProxy section */

/* Begin PBXFileReference section */
		59D573DA1A6E3BFC001D5504 /* tipcalculator.app */ = {isa = PBXFileReference; explicitFileType = wrapper.application; includeInIndex = 0; path = tipcalculator.app; sourceTree = BUILT_PRODUCTS_DIR; };
		59D573DD1A6E3BFC001D5504 /* Foundation.framework */ = {isa = PBXFileReference; lastKnownFileType = wrapper.framework; name = Foundation.framework; path = System/Library/Frameworks/Foundation.framework; sourceTree = SDKROOT; };
		59D573DF1A6E3BFC001D5504 /* CoreGraphics.framework */ = {isa = PBXFileReference; lastKnownFileType = wrapper.framework; name = CoreGraphics.framework; path = System/Library/Frameworks/CoreGraphics.framework; sourceTree = SDKROOT; };
		59D573E11A6E3BFC001D5504 /* UIKit.framework */ = {isa = PBXFileReference; lastKnownFileType = wrapper.framework; name = UIKit.framework; path = System/Library/Frameworks/UIKit.framework; sourceTree = SDKROOT; };
		59D573E51A6E3BFC001D5504 /* tipcalculator-Info.plist */ = {isa = PBXFileReference; lastKnownFileType = text.plist.xml; path = "tipcalculator-Info.plist"; sourceTree = "<group>"; };
		59D573E71A6E3BFC001D5504 /* en */ = {isa = PBXFileReference; lastKnownFileType = text.plist.strings; name = en; path = en.lproj/InfoPlist.strings; sourceTree = "<group>"; };
		59D573E91A6E3BFC001D5504 /* main.m */ = {isa = PBXFileReference; lastKnownFileType = sourcecode.c.objc; path = main.m; sourceTree = "<group>"; };
		59D573EB1A6E3BFC001D5504 /* tipcalculator-Prefix.pch */ = {isa = PBXFileReference; lastKnownFileType = sourcecode.c.h; path = "tipcalculator-Prefix.pch"; sourceTree = "<group>"; };
		59D573EC1A6E3BFC001D5504 /* AppDelegate.h */ = {isa = PBXFileReference; lastKnownFileType = sourcecode.c.h; path = AppDelegate.h; sourceTree = "<group>"; };
		59D573ED1A6E3BFC001D5504 /* AppDelegate.m */ = {isa = PBXFileReference; lastKnownFileType = sourcecode.c.objc; path = AppDelegate.m; sourceTree = "<group>"; };
		59D573EF1A6E3BFC001D5504 /* Images.xcassets */ = {isa = PBXFileReference; lastKnownFileType = folder.assetcatalog; path = Images.xcassets; sourceTree = "<group>"; };
		59D573F51A6E3BFC001D5504 /* tipcalculatorTests.xctest */ = {isa = PBXFileReference; explicitFileType = wrapper.cfbundle; includeInIndex = 0; path = tipcalculatorTests.xctest; sourceTree = BUILT_PRODUCTS_DIR; };
		59D573F61A6E3BFC001D5504 /* XCTest.framework */ = {isa = PBXFileReference; lastKnownFileType = wrapper.framework; name = XCTest.framework; path = Library/Frameworks/XCTest.framework; sourceTree = DEVELOPER_DIR; };
		59D573FE1A6E3BFC001D5504 /* tipcalculatorTests-Info.plist */ = {isa = PBXFileReference; lastKnownFileType = text.plist.xml; path = "tipcalculatorTests-Info.plist"; sourceTree = "<group>"; };
		59D574001A6E3BFC001D5504 /* en */ = {isa = PBXFileReference; lastKnownFileType = text.plist.strings; name = en; path = en.lproj/InfoPlist.strings; sourceTree = "<group>"; };
		59D574021A6E3BFC001D5504 /* tipcalculatorTests.m */ = {isa = PBXFileReference; lastKnownFileType = sourcecode.c.objc; path = tipcalculatorTests.m; sourceTree = "<group>"; };
		59D5740C1A6E3DBB001D5504 /* TipViewController.h */ = {isa = PBXFileReference; fileEncoding = 4; lastKnownFileType = sourcecode.c.h; path = TipViewController.h; sourceTree = "<group>"; };
		59D5740D1A6E3DBB001D5504 /* TipViewController.m */ = {isa = PBXFileReference; fileEncoding = 4; lastKnownFileType = sourcecode.c.objc; path = TipViewController.m; sourceTree = "<group>"; };
		59D5740E1A6E3DBB001D5504 /* TipViewController.xib */ = {isa = PBXFileReference; fileEncoding = 4; lastKnownFileType = file.xib; path = TipViewController.xib; sourceTree = "<group>"; };
		59D574111A6E50A9001D5504 /* SettingsViewController.h */ = {isa = PBXFileReference; fileEncoding = 4; lastKnownFileType = sourcecode.c.h; path = SettingsViewController.h; sourceTree = "<group>"; };
		59D574121A6E50A9001D5504 /* SettingsViewController.m */ = {isa = PBXFileReference; fileEncoding = 4; lastKnownFileType = sourcecode.c.objc; path = SettingsViewController.m; sourceTree = "<group>"; };
		59D574131A6E50A9001D5504 /* SettingsViewController.xib */ = {isa = PBXFileReference; fileEncoding = 4; lastKnownFileType = file.xib; path = SettingsViewController.xib; sourceTree = "<group>"; };
/* End PBXFileReference section */

/* Begin PBXFrameworksBuildPhase section */
		59D573D71A6E3BFC001D5504 /* Frameworks */ = {
			isa = PBXFrameworksBuildPhase;
			buildActionMask = 2147483647;
			files = (
				59D573E01A6E3BFC001D5504 /* CoreGraphics.framework in Frameworks */,
				59D573E21A6E3BFC001D5504 /* UIKit.framework in Frameworks */,
				59D573DE1A6E3BFC001D5504 /* Foundation.framework in Frameworks */,
			);
			runOnlyForDeploymentPostprocessing = 0;
		};
		59D573F21A6E3BFC001D5504 /* Frameworks */ = {
			isa = PBXFrameworksBuildPhase;
			buildActionMask = 2147483647;
			files = (
				59D573F71A6E3BFC001D5504 /* XCTest.framework in Frameworks */,
				59D573F91A6E3BFC001D5504 /* UIKit.framework in Frameworks */,
				59D573F81A6E3BFC001D5504 /* Foundation.framework in Frameworks */,
			);
			runOnlyForDeploymentPostprocessing = 0;
		};
/* End PBXFrameworksBuildPhase section */

/* Begin PBXGroup section */
		59D573D11A6E3BFC001D5504 = {
			isa = PBXGroup;
			children = (
				59D573E31A6E3BFC001D5504 /* tipcalculator */,
				59D573FC1A6E3BFC001D5504 /* tipcalculatorTests */,
				59D573DC1A6E3BFC001D5504 /* Frameworks */,
				59D573DB1A6E3BFC001D5504 /* Products */,
			);
			sourceTree = "<group>";
		};
		59D573DB1A6E3BFC001D5504 /* Products */ = {
			isa = PBXGroup;
			children = (
				59D573DA1A6E3BFC001D5504 /* tipcalculator.app */,
				59D573F51A6E3BFC001D5504 /* tipcalculatorTests.xctest */,
			);
			name = Products;
			sourceTree = "<group>";
		};
		59D573DC1A6E3BFC001D5504 /* Frameworks */ = {
			isa = PBXGroup;
			children = (
				59D573DD1A6E3BFC001D5504 /* Foundation.framework */,
				59D573DF1A6E3BFC001D5504 /* CoreGraphics.framework */,
				59D573E11A6E3BFC001D5504 /* UIKit.framework */,
				59D573F61A6E3BFC001D5504 /* XCTest.framework */,
			);
			name = Frameworks;
			sourceTree = "<group>";
		};
		59D573E31A6E3BFC001D5504 /* tipcalculator */ = {
			isa = PBXGroup;
			children = (
				59D573EC1A6E3BFC001D5504 /* AppDelegate.h */,
				59D573ED1A6E3BFC001D5504 /* AppDelegate.m */,
				59D573EF1A6E3BFC001D5504 /* Images.xcassets */,
				59D573E41A6E3BFC001D5504 /* Supporting Files */,
				59D5740C1A6E3DBB001D5504 /* TipViewController.h */,
				59D5740D1A6E3DBB001D5504 /* TipViewController.m */,
				59D574111A6E50A9001D5504 /* SettingsViewController.h */,
				59D574121A6E50A9001D5504 /* SettingsViewController.m */,
				59D574131A6E50A9001D5504 /* SettingsViewController.xib */,
				59D5740E1A6E3DBB001D5504 /* TipViewController.xib */,
			);
			path = tipcalculator;
			sourceTree = "<group>";
		};
		59D573E41A6E3BFC001D5504 /* Supporting Files */ = {
			isa = PBXGroup;
			children = (
				59D573E51A6E3BFC001D5504 /* tipcalculator-Info.plist */,
				59D573E61A6E3BFC001D5504 /* InfoPlist.strings */,
				59D573E91A6E3BFC001D5504 /* main.m */,
				59D573EB1A6E3BFC001D5504 /* tipcalculator-Prefix.pch */,
			);
			name = "Supporting Files";
			sourceTree = "<group>";
		};
		59D573FC1A6E3BFC001D5504 /* tipcalculatorTests */ = {
			isa = PBXGroup;
			children = (
				59D574021A6E3BFC001D5504 /* tipcalculatorTests.m */,
				59D573FD1A6E3BFC001D5504 /* Supporting Files */,
			);
			path = tipcalculatorTests;
			sourceTree = "<group>";
		};
		59D573FD1A6E3BFC001D5504 /* Supporting Files */ = {
			isa = PBXGroup;
			children = (
				59D573FE1A6E3BFC001D5504 /* tipcalculatorTests-Info.plist */,
				59D573FF1A6E3BFC001D5504 /* InfoPlist.strings */,
			);
			name = "Supporting Files";
			sourceTree = "<group>";
		};
/* End PBXGroup section */

/* Begin PBXNativeTarget section */
		59D573D91A6E3BFC001D5504 /* tipcalculator */ = {
			isa = PBXNativeTarget;
			buildConfigurationList = 59D574061A6E3BFC001D5504 /* Build configuration list for PBXNativeTarget "tipcalculator" */;
			buildPhases = (
				59D573D61A6E3BFC001D5504 /* Sources */,
				59D573D71A6E3BFC001D5504 /* Frameworks */,
				59D573D81A6E3BFC001D5504 /* Resources */,
			);
			buildRules = (
			);
			dependencies = (
			);
			name = tipcalculator;
			productName = tipcalculator;
			productReference = 59D573DA1A6E3BFC001D5504 /* tipcalculator.app */;
			productType = "com.apple.product-type.application";
		};
		59D573F41A6E3BFC001D5504 /* tipcalculatorTests */ = {
			isa = PBXNativeTarget;
			buildConfigurationList = 59D574091A6E3BFC001D5504 /* Build configuration list for PBXNativeTarget "tipcalculatorTests" */;
			buildPhases = (
				59D573F11A6E3BFC001D5504 /* Sources */,
				59D573F21A6E3BFC001D5504 /* Frameworks */,
				59D573F31A6E3BFC001D5504 /* Resources */,
			);
			buildRules = (
			);
			dependencies = (
				59D573FB1A6E3BFC001D5504 /* PBXTargetDependency */,
			);
			name = tipcalculatorTests;
			productName = tipcalculatorTests;
			productReference = 59D573F51A6E3BFC001D5504 /* tipcalculatorTests.xctest */;
			productType = "com.apple.product-type.bundle.unit-test";
		};
/* End PBXNativeTarget section */

/* Begin PBXProject section */
		59D573D21A6E3BFC001D5504 /* Project object */ = {
			isa = PBXProject;
			attributes = {
				LastUpgradeCheck = 0510;
				ORGANIZATIONNAME = yahoo;
				TargetAttributes = {
					59D573F41A6E3BFC001D5504 = {
						TestTargetID = 59D573D91A6E3BFC001D5504;
					};
				};
			};
			buildConfigurationList = 59D573D51A6E3BFC001D5504 /* Build configuration list for PBXProject "tipcalculator" */;
			compatibilityVersion = "Xcode 3.2";
			developmentRegion = English;
			hasScannedForEncodings = 0;
			knownRegions = (
				en,
			);
			mainGroup = 59D573D11A6E3BFC001D5504;
			productRefGroup = 59D573DB1A6E3BFC001D5504 /* Products */;
			projectDirPath = "";
			projectRoot = "";
			targets = (
				59D573D91A6E3BFC001D5504 /* tipcalculator */,
				59D573F41A6E3BFC001D5504 /* tipcalculatorTests */,
			);
		};
/* End PBXProject section */

/* Begin PBXResourcesBuildPhase section */
		59D573D81A6E3BFC001D5504 /* Resources */ = {
			isa = PBXResourcesBuildPhase;
			buildActionMask = 2147483647;
			files = (
				59D574101A6E3DBB001D5504 /* TipViewController.xib in Resources */,
				59D573E81A6E3BFC001D5504 /* InfoPlist.strings in Resources */,
				59D573F01A6E3BFC001D5504 /* Images.xcassets in Resources */,
				59D574151A6E50A9001D5504 /* SettingsViewController.xib in Resources */,
			);
			runOnlyForDeploymentPostprocessing = 0;
		};
		59D573F31A6E3BFC001D5504 /* Resources */ = {
			isa = PBXResourcesBuildPhase;
			buildActionMask = 2147483647;
			files = (
				59D574011A6E3BFC001D5504 /* InfoPlist.strings in Resources */,
			);
			runOnlyForDeploymentPostprocessing = 0;
		};
/* End PBXResourcesBuildPhase section */

/* Begin PBXSourcesBuildPhase section */
		59D573D61A6E3BFC001D5504 /* Sources */ = {
			isa = PBXSourcesBuildPhase;
			buildActionMask = 2147483647;
			files = (
				59D573EE1A6E3BFC001D5504 /* AppDelegate.m in Sources */,
				59D5740F1A6E3DBB001D5504 /* TipViewController.m in Sources */,
				59D573EA1A6E3BFC001D5504 /* main.m in Sources */,
				59D574141A6E50A9001D5504 /* SettingsViewController.m in Sources */,
			);
			runOnlyForDeploymentPostprocessing = 0;
		};
		59D573F11A6E3BFC001D5504 /* Sources */ = {
			isa = PBXSourcesBuildPhase;
			buildActionMask = 2147483647;
			files = (
				59D574031A6E3BFC001D5504 /* tipcalculatorTests.m in Sources */,
			);
			runOnlyForDeploymentPostprocessing = 0;
		};
/* End PBXSourcesBuildPhase section */

/* Begin PBXTargetDependency section */
		59D573FB1A6E3BFC001D5504 /* PBXTargetDependency */ = {
			isa = PBXTargetDependency;
			target = 59D573D91A6E3BFC001D5504 /* tipcalculator */;
			targetProxy = 59D573FA1A6E3BFC001D5504 /* PBXContainerItemProxy */;
		};
/* End PBXTargetDependency section */

/* Begin PBXVariantGroup section */
		59D573E61A6E3BFC001D5504 /* InfoPlist.strings */ = {
			isa = PBXVariantGroup;
			children = (
				59D573E71A6E3BFC001D5504 /* en */,
			);
			name = InfoPlist.strings;
			sourceTree = "<group>";
		};
		59D573FF1A6E3BFC001D5504 /* InfoPlist.strings */ = {
			isa = PBXVariantGroup;
			children = (
				59D574001A6E3BFC001D5504 /* en */,
			);
			name = InfoPlist.strings;
			sourceTree = "<group>";
		};
/* End PBXVariantGroup section */

/* Begin XCBuildConfiguration section */
		59D574041A6E3BFC001D5504 /* Debug */ = {
			isa = XCBuildConfiguration;
			buildSettings = {
				ALWAYS_SEARCH_USER_PATHS = NO;
				CLANG_CXX_LANGUAGE_STANDARD = "gnu++0x";
				CLANG_CXX_LIBRARY = "libc++";
				CLANG_ENABLE_MODULES = YES;
				CLANG_ENABLE_OBJC_ARC = YES;
				CLANG_WARN_BOOL_CONVERSION = YES;
				CLANG_WARN_CONSTANT_CONVERSION = YES;
				CLANG_WARN_DIRECT_OBJC_ISA_USAGE = YES_ERROR;
				CLANG_WARN_EMPTY_BODY = YES;
				CLANG_WARN_ENUM_CONVERSION = YES;
				CLANG_WARN_INT_CONVERSION = YES;
				CLANG_WARN_OBJC_ROOT_CLASS = YES_ERROR;
				CLANG_WARN__DUPLICATE_METHOD_MATCH = YES;
				"CODE_SIGN_IDENTITY[sdk=iphoneos*]" = "iPhone Developer";
				COPY_PHASE_STRIP = NO;
				GCC_C_LANGUAGE_STANDARD = gnu99;
				GCC_DYNAMIC_NO_PIC = NO;
				GCC_OPTIMIZATION_LEVEL = 0;
				GCC_PREPROCESSOR_DEFINITIONS = (
					"DEBUG=1",
					"$(inherited)",
				);
				GCC_SYMBOLS_PRIVATE_EXTERN = NO;
				GCC_WARN_64_TO_32_BIT_CONVERSION = YES;
				GCC_WARN_ABOUT_RETURN_TYPE = YES_ERROR;
				GCC_WARN_UNDECLARED_SELECTOR = YES;
				GCC_WARN_UNINITIALIZED_AUTOS = YES_AGGRESSIVE;
				GCC_WARN_UNUSED_FUNCTION = YES;
				GCC_WARN_UNUSED_VARIABLE = YES;
				IPHONEOS_DEPLOYMENT_TARGET = 7.1;
				ONLY_ACTIVE_ARCH = YES;
				SDKROOT = iphoneos;
				TARGETED_DEVICE_FAMILY = "1,2";
			};
			name = Debug;
		};
		59D574051A6E3BFC001D5504 /* Release */ = {
			isa = XCBuildConfiguration;
			buildSettings = {
				ALWAYS_SEARCH_USER_PATHS = NO;
				CLANG_CXX_LANGUAGE_STANDARD = "gnu++0x";
				CLANG_CXX_LIBRARY = "libc++";
				CLANG_ENABLE_MODULES = YES;
				CLANG_ENABLE_OBJC_ARC = YES;
				CLANG_WARN_BOOL_CONVERSION = YES;
				CLANG_WARN_CONSTANT_CONVERSION = YES;
				CLANG_WARN_DIRECT_OBJC_ISA_USAGE = YES_ERROR;
				CLANG_WARN_EMPTY_BODY = YES;
				CLANG_WARN_ENUM_CONVERSION = YES;
				CLANG_WARN_INT_CONVERSION = YES;
				CLANG_WARN_OBJC_ROOT_CLASS = YES_ERROR;
				CLANG_WARN__DUPLICATE_METHOD_MATCH = YES;
				"CODE_SIGN_IDENTITY[sdk=iphoneos*]" = "iPhone Developer";
				COPY_PHASE_STRIP = YES;
				ENABLE_NS_ASSERTIONS = NO;
				GCC_C_LANGUAGE_STANDARD = gnu99;
				GCC_WARN_64_TO_32_BIT_CONVERSION = YES;
				GCC_WARN_ABOUT_RETURN_TYPE = YES_ERROR;
				GCC_WARN_UNDECLARED_SELECTOR = YES;
				GCC_WARN_UNINITIALIZED_AUTOS = YES_AGGRESSIVE;
				GCC_WARN_UNUSED_FUNCTION = YES;
				GCC_WARN_UNUSED_VARIABLE = YES;
				IPHONEOS_DEPLOYMENT_TARGET = 7.1;
				SDKROOT = iphoneos;
				TARGETED_DEVICE_FAMILY = "1,2";
				VALIDATE_PRODUCT = YES;
			};
			name = Release;
		};
		59D574071A6E3BFC001D5504 /* Debug */ = {
			isa = XCBuildConfiguration;
			buildSettings = {
				ASSETCATALOG_COMPILER_APPICON_NAME = AppIcon;
				ASSETCATALOG_COMPILER_LAUNCHIMAGE_NAME = LaunchImage;
				GCC_PRECOMPILE_PREFIX_HEADER = YES;
				GCC_PREFIX_HEADER = "tipcalculator/tipcalculator-Prefix.pch";
				INFOPLIST_FILE = "tipcalculator/tipcalculator-Info.plist";
				IPHONEOS_DEPLOYMENT_TARGET = 6.0;
				PRODUCT_NAME = "$(TARGET_NAME)";
				TARGETED_DEVICE_FAMILY = 1;
				WRAPPER_EXTENSION = app;
			};
			name = Debug;
		};
		59D574081A6E3BFC001D5504 /* Release */ = {
			isa = XCBuildConfiguration;
			buildSettings = {
				ASSETCATALOG_COMPILER_APPICON_NAME = AppIcon;
				ASSETCATALOG_COMPILER_LAUNCHIMAGE_NAME = LaunchImage;
				GCC_PRECOMPILE_PREFIX_HEADER = YES;
				GCC_PREFIX_HEADER = "tipcalculator/tipcalculator-Prefix.pch";
				INFOPLIST_FILE = "tipcalculator/tipcalculator-Info.plist";
				IPHONEOS_DEPLOYMENT_TARGET = 6.0;
				PRODUCT_NAME = "$(TARGET_NAME)";
				TARGETED_DEVICE_FAMILY = 1;
				WRAPPER_EXTENSION = app;
			};
			name = Release;
		};
		59D5740A1A6E3BFC001D5504 /* Debug */ = {
			isa = XCBuildConfiguration;
			buildSettings = {
				BUNDLE_LOADER = "$(BUILT_PRODUCTS_DIR)/tipcalculator.app/tipcalculator";
				FRAMEWORK_SEARCH_PATHS = (
					"$(SDKROOT)/Developer/Library/Frameworks",
					"$(inherited)",
					"$(DEVELOPER_FRAMEWORKS_DIR)",
				);
				GCC_PRECOMPILE_PREFIX_HEADER = YES;
				GCC_PREFIX_HEADER = "tipcalculator/tipcalculator-Prefix.pch";
				GCC_PREPROCESSOR_DEFINITIONS = (
					"DEBUG=1",
					"$(inherited)",
				);
				INFOPLIST_FILE = "tipcalculatorTests/tipcalculatorTests-Info.plist";
				PRODUCT_NAME = "$(TARGET_NAME)";
				TEST_HOST = "$(BUNDLE_LOADER)";
				WRAPPER_EXTENSION = xctest;
			};
			name = Debug;
		};
		59D5740B1A6E3BFC001D5504 /* Release */ = {
			isa = XCBuildConfiguration;
			buildSettings = {
				BUNDLE_LOADER = "$(BUILT_PRODUCTS_DIR)/tipcalculator.app/tipcalculator";
				FRAMEWORK_SEARCH_PATHS = (
					"$(SDKROOT)/Developer/Library/Frameworks",
					"$(inherited)",
					"$(DEVELOPER_FRAMEWORKS_DIR)",
				);
				GCC_PRECOMPILE_PREFIX_HEADER = YES;
				GCC_PREFIX_HEADER = "tipcalculator/tipcalculator-Prefix.pch";
				INFOPLIST_FILE = "tipcalculatorTests/tipcalculatorTests-Info.plist";
				PRODUCT_NAME = "$(TARGET_NAME)";
				TEST_HOST = "$(BUNDLE_LOADER)";
				WRAPPER_EXTENSION = xctest;
			};
			name = Release;
		};
/* End XCBuildConfiguration section */

/* Begin XCConfigurationList section */
		59D573D51A6E3BFC001D5504 /* Build configuration list for PBXProject "tipcalculator" */ = {
			isa = XCConfigurationList;
			buildConfigurations = (
				59D574041A6E3BFC001D5504 /* Debug */,
				59D574051A6E3BFC001D5504 /* Release */,
			);
			defaultConfigurationIsVisible = 0;
			defaultConfigurationName = Release;
		};
		59D574061A6E3BFC001D5504 /* Build configuration list for PBXNativeTarget "tipcalculator" */ = {
			isa = XCConfigurationList;
			buildConfigurations = (
				59D574071A6E3BFC001D5504 /* Debug */,
				59D574081A6E3BFC001D5504 /* Release */,
			);
			defaultConfigurationIsVisible = 0;
		};
		59D574091A6E3BFC001D5504 /* Build configuration list for PBXNativeTarget "tipcalculatorTests" */ = {
			isa = XCConfigurationList;
			buildConfigurations = (
				59D5740A1A6E3BFC001D5504 /* Debug */,
				59D5740B1A6E3BFC001D5504 /* Release */,
			);
			defaultConfigurationIsVisible = 0;
		};
/* End XCConfigurationList section */
	};
	rootObject = 59D573D21A6E3BFC001D5504 /* Project object */;
}
